// !$*UTF8*$!
{
	archiveVersion = 1;
	classes = {
	};
	objectVersion = 51;
	objects = {

/* Begin PBXBuildFile section */
		330C109B2469A4B5008BD619 /* Functional.swift in Sources */ = {isa = PBXBuildFile; fileRef = 330C109A2469A4B5008BD619 /* Functional.swift */; };
		331079D7247B02A90088D2AF /* SettingsViewController.swift in Sources */ = {isa = PBXBuildFile; fileRef = 331079D6247B02A90088D2AF /* SettingsViewController.swift */; };
		331079D9247B02BC0088D2AF /* SettingsView.swift in Sources */ = {isa = PBXBuildFile; fileRef = 331079D8247B02BC0088D2AF /* SettingsView.swift */; };
		33527ACE24731C5A002F7274 /* EventItem.swift in Sources */ = {isa = PBXBuildFile; fileRef = 33527ACD24731C5A002F7274 /* EventItem.swift */; };
		33B68F652472FDAD006802C0 /* Kingfisher.framework in Frameworks */ = {isa = PBXBuildFile; fileRef = 33B68F5D2472D9C4006802C0 /* Kingfisher.framework */; };
		33B68F662472FDAD006802C0 /* Kingfisher.framework in Embed Frameworks */ = {isa = PBXBuildFile; fileRef = 33B68F5D2472D9C4006802C0 /* Kingfisher.framework */; settings = {ATTRIBUTES = (RemoveHeadersOnCopy, ); }; };
		33B68F672472FDAD006802C0 /* Overture.framework in Frameworks */ = {isa = PBXBuildFile; fileRef = 33B68F5E2472D9C4006802C0 /* Overture.framework */; };
		33B68F682472FDAD006802C0 /* Overture.framework in Embed Frameworks */ = {isa = PBXBuildFile; fileRef = 33B68F5E2472D9C4006802C0 /* Overture.framework */; settings = {ATTRIBUTES = (RemoveHeadersOnCopy, ); }; };
		33B68F792472FDAD006802C0 /* KeychainAccess.framework in Frameworks */ = {isa = PBXBuildFile; fileRef = 33B68F6E2472FDAD006802C0 /* KeychainAccess.framework */; };
		33B68F7A2472FDAD006802C0 /* KeychainAccess.framework in Embed Frameworks */ = {isa = PBXBuildFile; fileRef = 33B68F6E2472FDAD006802C0 /* KeychainAccess.framework */; settings = {ATTRIBUTES = (RemoveHeadersOnCopy, ); }; };
		33B68F7D2472FDAE006802C0 /* Networking.framework in Frameworks */ = {isa = PBXBuildFile; fileRef = 33B68F702472FDAD006802C0 /* Networking.framework */; };
		33B68F7E2472FDAE006802C0 /* Networking.framework in Embed Frameworks */ = {isa = PBXBuildFile; fileRef = 33B68F702472FDAD006802C0 /* Networking.framework */; settings = {ATTRIBUTES = (RemoveHeadersOnCopy, ); }; };
		33B68F812473039F006802C0 /* MainViewController.swift in Sources */ = {isa = PBXBuildFile; fileRef = 33B68F802473039F006802C0 /* MainViewController.swift */; };
		33B68F8324730503006802C0 /* BaseViewController.swift in Sources */ = {isa = PBXBuildFile; fileRef = 33B68F8224730503006802C0 /* BaseViewController.swift */; };
		33B68F8524730613006802C0 /* AuthView.swift in Sources */ = {isa = PBXBuildFile; fileRef = 33B68F8424730613006802C0 /* AuthView.swift */; };
		33EED725247C6CE50064DD4F /* DividerTableViewCell.swift in Sources */ = {isa = PBXBuildFile; fileRef = 33EED724247C6CE50064DD4F /* DividerTableViewCell.swift */; };
		33FC17C9247C53DB000B7E19 /* Image.swift in Sources */ = {isa = PBXBuildFile; fileRef = 33FC17C8247C53DB000B7E19 /* Image.swift */; };
		33FC17CC247C5A5A000B7E19 /* EmptyTableViewCell.swift in Sources */ = {isa = PBXBuildFile; fileRef = 33FC17CB247C5A5A000B7E19 /* EmptyTableViewCell.swift */; };
		33FC17CE247C5BC7000B7E19 /* SimpleCell.swift in Sources */ = {isa = PBXBuildFile; fileRef = 33FC17CD247C5BC7000B7E19 /* SimpleCell.swift */; };
		33FC17D0247C5E6F000B7E19 /* OnceSection.swift in Sources */ = {isa = PBXBuildFile; fileRef = 33FC17CF247C5E6F000B7E19 /* OnceSection.swift */; };
		33FC17D2247C6065000B7E19 /* TableViewCellIdentifier.swift in Sources */ = {isa = PBXBuildFile; fileRef = 33FC17D1247C6065000B7E19 /* TableViewCellIdentifier.swift */; };
		CE1AEF1C24606778006DC7C5 /* AppDelegate.swift in Sources */ = {isa = PBXBuildFile; fileRef = CE1AEF1B24606778006DC7C5 /* AppDelegate.swift */; };
		CE1AEF2024606778006DC7C5 /* AuthViewController.swift in Sources */ = {isa = PBXBuildFile; fileRef = CE1AEF1F24606778006DC7C5 /* AuthViewController.swift */; };
		CE1AEF2324606778006DC7C5 /* Main.storyboard in Resources */ = {isa = PBXBuildFile; fileRef = CE1AEF2124606778006DC7C5 /* Main.storyboard */; };
		CE1AEF2524606779006DC7C5 /* Assets.xcassets in Resources */ = {isa = PBXBuildFile; fileRef = CE1AEF2424606779006DC7C5 /* Assets.xcassets */; };
		CE1AEF2824606779006DC7C5 /* LaunchScreen.storyboard in Resources */ = {isa = PBXBuildFile; fileRef = CE1AEF2624606779006DC7C5 /* LaunchScreen.storyboard */; };
		CEADC0AC2461C21C0054B511 /* CornerView.swift in Sources */ = {isa = PBXBuildFile; fileRef = CEADC0AB2461C21C0054B511 /* CornerView.swift */; };
		CEFED0472461D0E100F4AD66 /* EventViewController.swift in Sources */ = {isa = PBXBuildFile; fileRef = CEFED0462461D0E100F4AD66 /* EventViewController.swift */; };
		CEFED04A2461D14E00F4AD66 /* EventTableViewCell.swift in Sources */ = {isa = PBXBuildFile; fileRef = CEFED0482461D14E00F4AD66 /* EventTableViewCell.swift */; };
/* End PBXBuildFile section */

/* Begin PBXCopyFilesBuildPhase section */
		33B68F692472FDAD006802C0 /* Embed Frameworks */ = {
			isa = PBXCopyFilesBuildPhase;
			buildActionMask = 2147483647;
			dstPath = "";
			dstSubfolderSpec = 10;
			files = (
				33B68F7A2472FDAD006802C0 /* KeychainAccess.framework in Embed Frameworks */,
				33B68F7E2472FDAE006802C0 /* Networking.framework in Embed Frameworks */,
				33B68F682472FDAD006802C0 /* Overture.framework in Embed Frameworks */,
				33B68F662472FDAD006802C0 /* Kingfisher.framework in Embed Frameworks */,
			);
			name = "Embed Frameworks";
			runOnlyForDeploymentPostprocessing = 0;
		};
/* End PBXCopyFilesBuildPhase section */

/* Begin PBXFileReference section */
		330C109A2469A4B5008BD619 /* Functional.swift */ = {isa = PBXFileReference; lastKnownFileType = sourcecode.swift; path = Functional.swift; sourceTree = "<group>"; };
		331079D6247B02A90088D2AF /* SettingsViewController.swift */ = {isa = PBXFileReference; lastKnownFileType = sourcecode.swift; path = SettingsViewController.swift; sourceTree = "<group>"; };
		331079D8247B02BC0088D2AF /* SettingsView.swift */ = {isa = PBXFileReference; lastKnownFileType = sourcecode.swift; path = SettingsView.swift; sourceTree = "<group>"; };
		33527ACD24731C5A002F7274 /* EventItem.swift */ = {isa = PBXFileReference; lastKnownFileType = sourcecode.swift; path = EventItem.swift; sourceTree = "<group>"; };
		33527AD024732517002F7274 /* inputFrameworks.xcfilelist */ = {isa = PBXFileReference; fileEncoding = 4; lastKnownFileType = text.xcfilelist; path = inputFrameworks.xcfilelist; sourceTree = "<group>"; };
		33B68F5D2472D9C4006802C0 /* Kingfisher.framework */ = {isa = PBXFileReference; lastKnownFileType = wrapper.framework; name = Kingfisher.framework; path = Carthage/Build/iOS/Kingfisher.framework; sourceTree = "<group>"; };
		33B68F5E2472D9C4006802C0 /* Overture.framework */ = {isa = PBXFileReference; lastKnownFileType = wrapper.framework; name = Overture.framework; path = Carthage/Build/iOS/Overture.framework; sourceTree = "<group>"; };
		33B68F6A2472FDAD006802C0 /* PINRemoteImage.framework */ = {isa = PBXFileReference; lastKnownFileType = wrapper.framework; name = PINRemoteImage.framework; path = Carthage/Build/iOS/PINRemoteImage.framework; sourceTree = "<group>"; };
		33B68F6B2472FDAD006802C0 /* PINCache.framework */ = {isa = PBXFileReference; lastKnownFileType = wrapper.framework; name = PINCache.framework; path = Carthage/Build/iOS/PINCache.framework; sourceTree = "<group>"; };
		33B68F6C2472FDAD006802C0 /* AsyncDisplayKit.framework */ = {isa = PBXFileReference; lastKnownFileType = wrapper.framework; name = AsyncDisplayKit.framework; path = Carthage/Build/iOS/AsyncDisplayKit.framework; sourceTree = "<group>"; };
		33B68F6D2472FDAD006802C0 /* Stevia.framework */ = {isa = PBXFileReference; lastKnownFileType = wrapper.framework; name = Stevia.framework; path = Carthage/Build/iOS/Stevia.framework; sourceTree = "<group>"; };
		33B68F6E2472FDAD006802C0 /* KeychainAccess.framework */ = {isa = PBXFileReference; lastKnownFileType = wrapper.framework; name = KeychainAccess.framework; path = Carthage/Build/iOS/KeychainAccess.framework; sourceTree = "<group>"; };
		33B68F6F2472FDAD006802C0 /* PINOperation.framework */ = {isa = PBXFileReference; lastKnownFileType = wrapper.framework; name = PINOperation.framework; path = Carthage/Build/iOS/PINOperation.framework; sourceTree = "<group>"; };
		33B68F702472FDAD006802C0 /* Networking.framework */ = {isa = PBXFileReference; lastKnownFileType = wrapper.framework; name = Networking.framework; path = Carthage/Build/iOS/Networking.framework; sourceTree = "<group>"; };
		33B68F802473039F006802C0 /* MainViewController.swift */ = {isa = PBXFileReference; lastKnownFileType = sourcecode.swift; path = MainViewController.swift; sourceTree = "<group>"; };
		33B68F8224730503006802C0 /* BaseViewController.swift */ = {isa = PBXFileReference; lastKnownFileType = sourcecode.swift; path = BaseViewController.swift; sourceTree = "<group>"; };
		33B68F8424730613006802C0 /* AuthView.swift */ = {isa = PBXFileReference; lastKnownFileType = sourcecode.swift; path = AuthView.swift; sourceTree = "<group>"; };
		33EED724247C6CE50064DD4F /* DividerTableViewCell.swift */ = {isa = PBXFileReference; lastKnownFileType = sourcecode.swift; path = DividerTableViewCell.swift; sourceTree = "<group>"; };
		33FC17C8247C53DB000B7E19 /* Image.swift */ = {isa = PBXFileReference; lastKnownFileType = sourcecode.swift; path = Image.swift; sourceTree = "<group>"; };
		33FC17CB247C5A5A000B7E19 /* EmptyTableViewCell.swift */ = {isa = PBXFileReference; lastKnownFileType = sourcecode.swift; path = EmptyTableViewCell.swift; sourceTree = "<group>"; };
		33FC17CD247C5BC7000B7E19 /* SimpleCell.swift */ = {isa = PBXFileReference; lastKnownFileType = sourcecode.swift; path = SimpleCell.swift; sourceTree = "<group>"; };
		33FC17CF247C5E6F000B7E19 /* OnceSection.swift */ = {isa = PBXFileReference; lastKnownFileType = sourcecode.swift; path = OnceSection.swift; sourceTree = "<group>"; };
		33FC17D1247C6065000B7E19 /* TableViewCellIdentifier.swift */ = {isa = PBXFileReference; lastKnownFileType = sourcecode.swift; path = TableViewCellIdentifier.swift; sourceTree = "<group>"; };
		CE1AEF1824606778006DC7C5 /* Events.app */ = {isa = PBXFileReference; explicitFileType = wrapper.application; includeInIndex = 0; path = Events.app; sourceTree = BUILT_PRODUCTS_DIR; };
		CE1AEF1B24606778006DC7C5 /* AppDelegate.swift */ = {isa = PBXFileReference; lastKnownFileType = sourcecode.swift; path = AppDelegate.swift; sourceTree = "<group>"; };
		CE1AEF1F24606778006DC7C5 /* AuthViewController.swift */ = {isa = PBXFileReference; lastKnownFileType = sourcecode.swift; path = AuthViewController.swift; sourceTree = "<group>"; };
		CE1AEF2224606778006DC7C5 /* Base */ = {isa = PBXFileReference; lastKnownFileType = file.storyboard; name = Base; path = Base.lproj/Main.storyboard; sourceTree = "<group>"; };
		CE1AEF2424606779006DC7C5 /* Assets.xcassets */ = {isa = PBXFileReference; lastKnownFileType = folder.assetcatalog; path = Assets.xcassets; sourceTree = "<group>"; };
		CE1AEF2724606779006DC7C5 /* Base */ = {isa = PBXFileReference; lastKnownFileType = file.storyboard; name = Base; path = Base.lproj/LaunchScreen.storyboard; sourceTree = "<group>"; };
		CE1AEF2924606779006DC7C5 /* Info.plist */ = {isa = PBXFileReference; lastKnownFileType = text.plist.xml; path = Info.plist; sourceTree = "<group>"; };
		CEADC0AB2461C21C0054B511 /* CornerView.swift */ = {isa = PBXFileReference; lastKnownFileType = sourcecode.swift; path = CornerView.swift; sourceTree = "<group>"; };
		CEFED0462461D0E100F4AD66 /* EventViewController.swift */ = {isa = PBXFileReference; lastKnownFileType = sourcecode.swift; path = EventViewController.swift; sourceTree = "<group>"; };
		CEFED0482461D14E00F4AD66 /* EventTableViewCell.swift */ = {isa = PBXFileReference; lastKnownFileType = sourcecode.swift; path = EventTableViewCell.swift; sourceTree = "<group>"; };
/* End PBXFileReference section */

/* Begin PBXFrameworksBuildPhase section */
		CE1AEF1524606778006DC7C5 /* Frameworks */ = {
			isa = PBXFrameworksBuildPhase;
			buildActionMask = 2147483647;
			files = (
				33B68F792472FDAD006802C0 /* KeychainAccess.framework in Frameworks */,
				33B68F7D2472FDAE006802C0 /* Networking.framework in Frameworks */,
				33B68F672472FDAD006802C0 /* Overture.framework in Frameworks */,
				33B68F652472FDAD006802C0 /* Kingfisher.framework in Frameworks */,
			);
			runOnlyForDeploymentPostprocessing = 0;
		};
/* End PBXFrameworksBuildPhase section */

/* Begin PBXGroup section */
		331079D5247B02750088D2AF /* SettingsScreen */ = {
			isa = PBXGroup;
			children = (
				331079D6247B02A90088D2AF /* SettingsViewController.swift */,
				331079D8247B02BC0088D2AF /* SettingsView.swift */,
				33FC17CD247C5BC7000B7E19 /* SimpleCell.swift */,
			);
			path = SettingsScreen;
			sourceTree = "<group>";
		};
		33B68F5C2472D9C4006802C0 /* Frameworks */ = {
			isa = PBXGroup;
			children = (
				33B68F6C2472FDAD006802C0 /* AsyncDisplayKit.framework */,
				33B68F6E2472FDAD006802C0 /* KeychainAccess.framework */,
				33B68F702472FDAD006802C0 /* Networking.framework */,
				33B68F6B2472FDAD006802C0 /* PINCache.framework */,
				33B68F6F2472FDAD006802C0 /* PINOperation.framework */,
				33B68F6A2472FDAD006802C0 /* PINRemoteImage.framework */,
				33B68F6D2472FDAD006802C0 /* Stevia.framework */,
				33B68F5D2472D9C4006802C0 /* Kingfisher.framework */,
				33B68F5E2472D9C4006802C0 /* Overture.framework */,
			);
			name = Frameworks;
			sourceTree = "<group>";
		};
		33B68F7F24730376006802C0 /* MainScreen */ = {
			isa = PBXGroup;
			children = (
				33B68F802473039F006802C0 /* MainViewController.swift */,
			);
			path = MainScreen;
			sourceTree = "<group>";
		};
		33D228CC2469925B00DFADFA /* AuthScreen */ = {
			isa = PBXGroup;
			children = (
				CE1AEF1F24606778006DC7C5 /* AuthViewController.swift */,
				33B68F8424730613006802C0 /* AuthView.swift */,
			);
			path = AuthScreen;
			sourceTree = "<group>";
		};
		33D228CD2469928700DFADFA /* EventsScreen */ = {
			isa = PBXGroup;
			children = (
				CEFED0462461D0E100F4AD66 /* EventViewController.swift */,
				CEFED0482461D14E00F4AD66 /* EventTableViewCell.swift */,
				33527ACD24731C5A002F7274 /* EventItem.swift */,
			);
			path = EventsScreen;
			sourceTree = "<group>";
		};
		33FC17CA247C5A49000B7E19 /* Shared */ = {
			isa = PBXGroup;
			children = (
				33FC17CB247C5A5A000B7E19 /* EmptyTableViewCell.swift */,
				33EED724247C6CE50064DD4F /* DividerTableViewCell.swift */,
			);
			path = Shared;
			sourceTree = "<group>";
		};
		CE1AEF0F24606778006DC7C5 = {
			isa = PBXGroup;
			children = (
				33527AD024732517002F7274 /* inputFrameworks.xcfilelist */,
				CE1AEF1A24606778006DC7C5 /* Events */,
				CE1AEF1924606778006DC7C5 /* Products */,
				33B68F5C2472D9C4006802C0 /* Frameworks */,
			);
			sourceTree = "<group>";
		};
		CE1AEF1924606778006DC7C5 /* Products */ = {
			isa = PBXGroup;
			children = (
				CE1AEF1824606778006DC7C5 /* Events.app */,
			);
			name = Products;
			sourceTree = "<group>";
		};
		CE1AEF1A24606778006DC7C5 /* Events */ = {
			isa = PBXGroup;
			children = (
				33FC17CA247C5A49000B7E19 /* Shared */,
				331079D5247B02750088D2AF /* SettingsScreen */,
				33B68F7F24730376006802C0 /* MainScreen */,
				33D228CD2469928700DFADFA /* EventsScreen */,
				33D228CC2469925B00DFADFA /* AuthScreen */,
				CE1AEF2F246067FB006DC7C5 /* Extensions */,
				CE1AEF1B24606778006DC7C5 /* AppDelegate.swift */,
				CE1AEF2124606778006DC7C5 /* Main.storyboard */,
				CE1AEF2424606779006DC7C5 /* Assets.xcassets */,
				CE1AEF2624606779006DC7C5 /* LaunchScreen.storyboard */,
				CE1AEF2924606779006DC7C5 /* Info.plist */,
			);
			path = Events;
			sourceTree = "<group>";
		};
		CE1AEF2F246067FB006DC7C5 /* Extensions */ = {
			isa = PBXGroup;
			children = (
				CEADC0AB2461C21C0054B511 /* CornerView.swift */,
				330C109A2469A4B5008BD619 /* Functional.swift */,
				33B68F8224730503006802C0 /* BaseViewController.swift */,
				33FC17C8247C53DB000B7E19 /* Image.swift */,
				33FC17CF247C5E6F000B7E19 /* OnceSection.swift */,
				33FC17D1247C6065000B7E19 /* TableViewCellIdentifier.swift */,
			);
			path = Extensions;
			sourceTree = "<group>";
		};
/* End PBXGroup section */

/* Begin PBXNativeTarget section */
		CE1AEF1724606778006DC7C5 /* Events */ = {
			isa = PBXNativeTarget;
			buildConfigurationList = CE1AEF2C24606779006DC7C5 /* Build configuration list for PBXNativeTarget "Events" */;
			buildPhases = (
				CE1AEF1424606778006DC7C5 /* Sources */,
				CE1AEF1524606778006DC7C5 /* Frameworks */,
				CE1AEF1624606778006DC7C5 /* Resources */,
				33B68F692472FDAD006802C0 /* Embed Frameworks */,
				33527ACF2473235E002F7274 /* ShellScript */,
			);
			buildRules = (
			);
			dependencies = (
			);
			name = Events;
			productName = pupazalupa;
			productReference = CE1AEF1824606778006DC7C5 /* Events.app */;
			productType = "com.apple.product-type.application";
		};
/* End PBXNativeTarget section */

/* Begin PBXProject section */
		CE1AEF1024606778006DC7C5 /* Project object */ = {
			isa = PBXProject;
			attributes = {
				LastSwiftUpdateCheck = 1130;
				LastUpgradeCheck = 1130;
				ORGANIZATIONNAME = user;
				TargetAttributes = {
					CE1AEF1724606778006DC7C5 = {
						CreatedOnToolsVersion = 11.3;
					};
				};
			};
			buildConfigurationList = CE1AEF1324606778006DC7C5 /* Build configuration list for PBXProject "Events" */;
			compatibilityVersion = "Xcode 9.3";
			developmentRegion = en;
			hasScannedForEncodings = 0;
			knownRegions = (
				en,
				Base,
			);
			mainGroup = CE1AEF0F24606778006DC7C5;
			productRefGroup = CE1AEF1924606778006DC7C5 /* Products */;
			projectDirPath = "";
			projectRoot = "";
			targets = (
				CE1AEF1724606778006DC7C5 /* Events */,
			);
		};
/* End PBXProject section */

/* Begin PBXResourcesBuildPhase section */
		CE1AEF1624606778006DC7C5 /* Resources */ = {
			isa = PBXResourcesBuildPhase;
			buildActionMask = 2147483647;
			files = (
				CE1AEF2824606779006DC7C5 /* LaunchScreen.storyboard in Resources */,
				CE1AEF2524606779006DC7C5 /* Assets.xcassets in Resources */,
				CE1AEF2324606778006DC7C5 /* Main.storyboard in Resources */,
			);
			runOnlyForDeploymentPostprocessing = 0;
		};
/* End PBXResourcesBuildPhase section */

/* Begin PBXShellScriptBuildPhase section */
		33527ACF2473235E002F7274 /* ShellScript */ = {
			isa = PBXShellScriptBuildPhase;
			buildActionMask = 2147483647;
			files = (
			);
			inputFileListPaths = (
				"$(SRCROOT)/inputFrameworks.xcfilelist",
			);
			inputPaths = (
			);
			outputFileListPaths = (
			);
			outputPaths = (
			);
			runOnlyForDeploymentPostprocessing = 0;
			shellPath = /bin/sh;
			shellScript = "/usr/local/bin/carthage copy-frameworks\n";
			showEnvVarsInLog = 0;
		};
/* End PBXShellScriptBuildPhase section */

/* Begin PBXSourcesBuildPhase section */
		CE1AEF1424606778006DC7C5 /* Sources */ = {
			isa = PBXSourcesBuildPhase;
			buildActionMask = 2147483647;
			files = (
				33B68F812473039F006802C0 /* MainViewController.swift in Sources */,
				CEFED04A2461D14E00F4AD66 /* EventTableViewCell.swift in Sources */,
				331079D7247B02A90088D2AF /* SettingsViewController.swift in Sources */,
				CEFED0472461D0E100F4AD66 /* EventViewController.swift in Sources */,
				CE1AEF2024606778006DC7C5 /* AuthViewController.swift in Sources */,
				33FC17CC247C5A5A000B7E19 /* EmptyTableViewCell.swift in Sources */,
				33FC17D0247C5E6F000B7E19 /* OnceSection.swift in Sources */,
				330C109B2469A4B5008BD619 /* Functional.swift in Sources */,
				33FC17C9247C53DB000B7E19 /* Image.swift in Sources */,
				33B68F8324730503006802C0 /* BaseViewController.swift in Sources */,
				CE1AEF1C24606778006DC7C5 /* AppDelegate.swift in Sources */,
				33527ACE24731C5A002F7274 /* EventItem.swift in Sources */,
				33FC17D2247C6065000B7E19 /* TableViewCellIdentifier.swift in Sources */,
				331079D9247B02BC0088D2AF /* SettingsView.swift in Sources */,
				CEADC0AC2461C21C0054B511 /* CornerView.swift in Sources */,
				33EED725247C6CE50064DD4F /* DividerTableViewCell.swift in Sources */,
				33B68F8524730613006802C0 /* AuthView.swift in Sources */,
				33FC17CE247C5BC7000B7E19 /* SimpleCell.swift in Sources */,
			);
			runOnlyForDeploymentPostprocessing = 0;
		};
/* End PBXSourcesBuildPhase section */

/* Begin PBXVariantGroup section */
		CE1AEF2124606778006DC7C5 /* Main.storyboard */ = {
			isa = PBXVariantGroup;
			children = (
				CE1AEF2224606778006DC7C5 /* Base */,
			);
			name = Main.storyboard;
			sourceTree = "<group>";
		};
		CE1AEF2624606779006DC7C5 /* LaunchScreen.storyboard */ = {
			isa = PBXVariantGroup;
			children = (
				CE1AEF2724606779006DC7C5 /* Base */,
			);
			name = LaunchScreen.storyboard;
			sourceTree = "<group>";
		};
/* End PBXVariantGroup section */

/* Begin XCBuildConfiguration section */
		CE1AEF2A24606779006DC7C5 /* Debug */ = {
			isa = XCBuildConfiguration;
			buildSettings = {
				ALWAYS_SEARCH_USER_PATHS = NO;
				CLANG_ANALYZER_NONNULL = YES;
				CLANG_ANALYZER_NUMBER_OBJECT_CONVERSION = YES_AGGRESSIVE;
				CLANG_CXX_LANGUAGE_STANDARD = "gnu++14";
				CLANG_CXX_LIBRARY = "libc++";
				CLANG_ENABLE_MODULES = YES;
				CLANG_ENABLE_OBJC_ARC = YES;
				CLANG_ENABLE_OBJC_WEAK = YES;
				CLANG_WARN_BLOCK_CAPTURE_AUTORELEASING = YES;
				CLANG_WARN_BOOL_CONVERSION = YES;
				CLANG_WARN_COMMA = YES;
				CLANG_WARN_CONSTANT_CONVERSION = YES;
				CLANG_WARN_DEPRECATED_OBJC_IMPLEMENTATIONS = YES;
				CLANG_WARN_DIRECT_OBJC_ISA_USAGE = YES_ERROR;
				CLANG_WARN_DOCUMENTATION_COMMENTS = YES;
				CLANG_WARN_EMPTY_BODY = YES;
				CLANG_WARN_ENUM_CONVERSION = YES;
				CLANG_WARN_INFINITE_RECURSION = YES;
				CLANG_WARN_INT_CONVERSION = YES;
				CLANG_WARN_NON_LITERAL_NULL_CONVERSION = YES;
				CLANG_WARN_OBJC_IMPLICIT_RETAIN_SELF = YES;
				CLANG_WARN_OBJC_LITERAL_CONVERSION = YES;
				CLANG_WARN_OBJC_ROOT_CLASS = YES_ERROR;
				CLANG_WARN_RANGE_LOOP_ANALYSIS = YES;
				CLANG_WARN_STRICT_PROTOTYPES = YES;
				CLANG_WARN_SUSPICIOUS_MOVE = YES;
				CLANG_WARN_UNGUARDED_AVAILABILITY = YES_AGGRESSIVE;
				CLANG_WARN_UNREACHABLE_CODE = YES;
				CLANG_WARN__DUPLICATE_METHOD_MATCH = YES;
				COPY_PHASE_STRIP = NO;
				DEBUG_INFORMATION_FORMAT = dwarf;
				ENABLE_STRICT_OBJC_MSGSEND = YES;
				ENABLE_TESTABILITY = YES;
				GCC_C_LANGUAGE_STANDARD = gnu11;
				GCC_DYNAMIC_NO_PIC = NO;
				GCC_NO_COMMON_BLOCKS = YES;
				GCC_OPTIMIZATION_LEVEL = 0;
				GCC_PREPROCESSOR_DEFINITIONS = (
					"DEBUG=1",
					"$(inherited)",
				);
				GCC_WARN_64_TO_32_BIT_CONVERSION = YES;
				GCC_WARN_ABOUT_RETURN_TYPE = YES_ERROR;
				GCC_WARN_UNDECLARED_SELECTOR = YES;
				GCC_WARN_UNINITIALIZED_AUTOS = YES_AGGRESSIVE;
				GCC_WARN_UNUSED_FUNCTION = YES;
				GCC_WARN_UNUSED_VARIABLE = YES;
				IPHONEOS_DEPLOYMENT_TARGET = 13.2;
				MTL_ENABLE_DEBUG_INFO = INCLUDE_SOURCE;
				MTL_FAST_MATH = YES;
				ONLY_ACTIVE_ARCH = YES;
				SDKROOT = iphoneos;
				SWIFT_ACTIVE_COMPILATION_CONDITIONS = DEBUG;
				SWIFT_OPTIMIZATION_LEVEL = "-Onone";
			};
			name = Debug;
		};
		CE1AEF2B24606779006DC7C5 /* Release */ = {
			isa = XCBuildConfiguration;
			buildSettings = {
				ALWAYS_SEARCH_USER_PATHS = NO;
				CLANG_ANALYZER_NONNULL = YES;
				CLANG_ANALYZER_NUMBER_OBJECT_CONVERSION = YES_AGGRESSIVE;
				CLANG_CXX_LANGUAGE_STANDARD = "gnu++14";
				CLANG_CXX_LIBRARY = "libc++";
				CLANG_ENABLE_MODULES = YES;
				CLANG_ENABLE_OBJC_ARC = YES;
				CLANG_ENABLE_OBJC_WEAK = YES;
				CLANG_WARN_BLOCK_CAPTURE_AUTORELEASING = YES;
				CLANG_WARN_BOOL_CONVERSION = YES;
				CLANG_WARN_COMMA = YES;
				CLANG_WARN_CONSTANT_CONVERSION = YES;
				CLANG_WARN_DEPRECATED_OBJC_IMPLEMENTATIONS = YES;
				CLANG_WARN_DIRECT_OBJC_ISA_USAGE = YES_ERROR;
				CLANG_WARN_DOCUMENTATION_COMMENTS = YES;
				CLANG_WARN_EMPTY_BODY = YES;
				CLANG_WARN_ENUM_CONVERSION = YES;
				CLANG_WARN_INFINITE_RECURSION = YES;
				CLANG_WARN_INT_CONVERSION = YES;
				CLANG_WARN_NON_LITERAL_NULL_CONVERSION = YES;
				CLANG_WARN_OBJC_IMPLICIT_RETAIN_SELF = YES;
				CLANG_WARN_OBJC_LITERAL_CONVERSION = YES;
				CLANG_WARN_OBJC_ROOT_CLASS = YES_ERROR;
				CLANG_WARN_RANGE_LOOP_ANALYSIS = YES;
				CLANG_WARN_STRICT_PROTOTYPES = YES;
				CLANG_WARN_SUSPICIOUS_MOVE = YES;
				CLANG_WARN_UNGUARDED_AVAILABILITY = YES_AGGRESSIVE;
				CLANG_WARN_UNREACHABLE_CODE = YES;
				CLANG_WARN__DUPLICATE_METHOD_MATCH = YES;
				COPY_PHASE_STRIP = NO;
				DEBUG_INFORMATION_FORMAT = "dwarf-with-dsym";
				ENABLE_NS_ASSERTIONS = NO;
				ENABLE_STRICT_OBJC_MSGSEND = YES;
				GCC_C_LANGUAGE_STANDARD = gnu11;
				GCC_NO_COMMON_BLOCKS = YES;
				GCC_WARN_64_TO_32_BIT_CONVERSION = YES;
				GCC_WARN_ABOUT_RETURN_TYPE = YES_ERROR;
				GCC_WARN_UNDECLARED_SELECTOR = YES;
				GCC_WARN_UNINITIALIZED_AUTOS = YES_AGGRESSIVE;
				GCC_WARN_UNUSED_FUNCTION = YES;
				GCC_WARN_UNUSED_VARIABLE = YES;
				IPHONEOS_DEPLOYMENT_TARGET = 13.2;
				MTL_ENABLE_DEBUG_INFO = NO;
				MTL_FAST_MATH = YES;
				SDKROOT = iphoneos;
				SWIFT_COMPILATION_MODE = wholemodule;
				SWIFT_OPTIMIZATION_LEVEL = "-O";
				VALIDATE_PRODUCT = YES;
			};
			name = Release;
		};
		CE1AEF2D24606779006DC7C5 /* Debug */ = {
			isa = XCBuildConfiguration;
			buildSettings = {
				ASSETCATALOG_COMPILER_APPICON_NAME = AppIcon;
				CODE_SIGN_IDENTITY = "iPhone Developer";
				CODE_SIGN_STYLE = Manual;
				DEVELOPMENT_TEAM = N3394Z6629;
				FRAMEWORK_SEARCH_PATHS = (
					"$(inherited)",
					"$(PROJECT_DIR)/Carthage/Build/iOS",
				);
				INFOPLIST_FILE = Events/Info.plist;
				LD_RUNPATH_SEARCH_PATHS = (
					"$(inherited)",
					"@executable_path/Frameworks",
				);
				PRODUCT_BUNDLE_IDENTIFIER = com.skw883halhag2.kh82hk.events;
				PRODUCT_NAME = Events;
				PROVISIONING_PROFILE_SPECIFIER = "00008030-001448893ae2802e";
				SWIFT_VERSION = 5.0;
				TARGETED_DEVICE_FAMILY = "1,2";
			};
			name = Debug;
		};
		CE1AEF2E24606779006DC7C5 /* Release */ = {
			isa = XCBuildConfiguration;
			buildSettings = {
				ASSETCATALOG_COMPILER_APPICON_NAME = AppIcon;
				CODE_SIGN_IDENTITY = "iPhone Developer";
				CODE_SIGN_STYLE = Manual;
				DEVELOPMENT_TEAM = N3394Z6629;
				FRAMEWORK_SEARCH_PATHS = (
					"$(inherited)",
					"$(PROJECT_DIR)/Carthage/Build/iOS",
				);
				INFOPLIST_FILE = Events/Info.plist;
				LD_RUNPATH_SEARCH_PATHS = (
					"$(inherited)",
					"@executable_path/Frameworks",
				);
				PRODUCT_BUNDLE_IDENTIFIER = com.skw883halhag2.kh82hk.events;
				PRODUCT_NAME = Events;
				PROVISIONING_PROFILE_SPECIFIER = "00008030-001448893ae2802e";
				SWIFT_VERSION = 5.0;
				TARGETED_DEVICE_FAMILY = "1,2";
			};
			name = Release;
		};
/* End XCBuildConfiguration section */

/* Begin XCConfigurationList section */
		CE1AEF1324606778006DC7C5 /* Build configuration list for PBXProject "Events" */ = {
			isa = XCConfigurationList;
			buildConfigurations = (
				CE1AEF2A24606779006DC7C5 /* Debug */,
				CE1AEF2B24606779006DC7C5 /* Release */,
			);
			defaultConfigurationIsVisible = 0;
			defaultConfigurationName = Release;
		};
		CE1AEF2C24606779006DC7C5 /* Build configuration list for PBXNativeTarget "Events" */ = {
			isa = XCConfigurationList;
			buildConfigurations = (
				CE1AEF2D24606779006DC7C5 /* Debug */,
				CE1AEF2E24606779006DC7C5 /* Release */,
			);
			defaultConfigurationIsVisible = 0;
			defaultConfigurationName = Release;
		};
/* End XCConfigurationList section */
	};
	rootObject = CE1AEF1024606778006DC7C5 /* Project object */;
}
